
Microsoft Visual Studio Solution File, Format Version 12.00
Project("{FAE04EC0-301F-11D3-BF4B-00C04F79EFBC}") = "LabRab6_MDiSUBD_Timoshevich", "LabRab6_MDiSUBD_Timoshevich\LabRab6_MDiSUBD_Timoshevich.csproj", "{FA8EE334-FA09-497D-B8FA-D84272BA7AFD}"
EndProject
Global
	GlobalSection(SolutionConfigurationPlatforms) = preSolution
		Debug|Any CPU = Debug|Any CPU
		Release|Any CPU = Release|Any CPU
	EndGlobalSection
	GlobalSection(ProjectConfigurationPlatforms) = postSolution
		{FA8EE334-FA09-497D-B8FA-D84272BA7AFD}.Debug|Any CPU.ActiveCfg = Debug|Any CPU
		{FA8EE334-FA09-497D-B8FA-D84272BA7AFD}.Debug|Any CPU.Build.0 = Debug|Any CPU
		{FA8EE334-FA09-497D-B8FA-D84272BA7AFD}.Release|Any CPU.ActiveCfg = Release|Any CPU
		{FA8EE334-FA09-497D-B8FA-D84272BA7AFD}.Release|Any CPU.Build.0 = Release|Any CPU
	EndGlobalSection
EndGlobal
